
Microsoft Visual Studio Solution File, Format Version 12.00
# Visual Studio Version 16
VisualStudioVersion = 16.0.29709.97
MinimumVisualStudioVersion = 10.0.40219.1
Project("{9A19103F-16F7-4668-BE54-9A1E7A4F7556}") = "CV19", "CV19\CV19.csproj", "{36DC9D8E-66E2-4414-A247-7D80D9A5DDCE}"
EndProject
Project("{2150E333-8FDC-42A3-9474-1A3956D46DE8}") = "Tests", "Tests", "{9A855AC9-3BD3-42A0-AAF1-F863EA47BBE3}"
EndProject
Project("{FAE04EC0-301F-11D3-BF4B-00C04F79EFBC}") = "CV19Console", "Tests\CV19Console\CV19Console.csproj", "{3C473878-8FBE-4FF7-8D36-531B51F2023C}"
EndProject
Project("{FAE04EC0-301F-11D3-BF4B-00C04F79EFBC}") = "CV19WPFTest", "Tests\CV19WPFTest\CV19WPFTest.csproj", "{509FD847-4182-49C6-BC78-342533E79C43}"
EndProject
Global
	GlobalSection(SolutionConfigurationPlatforms) = preSolution
		Debug|Any CPU = Debug|Any CPU
		Release|Any CPU = Release|Any CPU
	EndGlobalSection
	GlobalSection(ProjectConfigurationPlatforms) = postSolution
		{36DC9D8E-66E2-4414-A247-7D80D9A5DDCE}.Debug|Any CPU.ActiveCfg = Debug|Any CPU
		{36DC9D8E-66E2-4414-A247-7D80D9A5DDCE}.Debug|Any CPU.Build.0 = Debug|Any CPU
		{36DC9D8E-66E2-4414-A247-7D80D9A5DDCE}.Release|Any CPU.ActiveCfg = Release|Any CPU
		{36DC9D8E-66E2-4414-A247-7D80D9A5DDCE}.Release|Any CPU.Build.0 = Release|Any CPU
		{3C473878-8FBE-4FF7-8D36-531B51F2023C}.Debug|Any CPU.ActiveCfg = Debug|Any CPU
		{3C473878-8FBE-4FF7-8D36-531B51F2023C}.Debug|Any CPU.Build.0 = Debug|Any CPU
		{3C473878-8FBE-4FF7-8D36-531B51F2023C}.Release|Any CPU.ActiveCfg = Release|Any CPU
		{3C473878-8FBE-4FF7-8D36-531B51F2023C}.Release|Any CPU.Build.0 = Release|Any CPU
		{509FD847-4182-49C6-BC78-342533E79C43}.Debug|Any CPU.ActiveCfg = Debug|Any CPU
		{509FD847-4182-49C6-BC78-342533E79C43}.Debug|Any CPU.Build.0 = Debug|Any CPU
		{509FD847-4182-49C6-BC78-342533E79C43}.Release|Any CPU.ActiveCfg = Release|Any CPU
		{509FD847-4182-49C6-BC78-342533E79C43}.Release|Any CPU.Build.0 = Release|Any CPU
	EndGlobalSection
	GlobalSection(SolutionProperties) = preSolution
		HideSolutionNode = FALSE
	EndGlobalSection
	GlobalSection(NestedProjects) = preSolution
		{3C473878-8FBE-4FF7-8D36-531B51F2023C} = {9A855AC9-3BD3-42A0-AAF1-F863EA47BBE3}
		{509FD847-4182-49C6-BC78-342533E79C43} = {9A855AC9-3BD3-42A0-AAF1-F863EA47BBE3}
	EndGlobalSection
	GlobalSection(ExtensibilityGlobals) = postSolution
		SolutionGuid = {D866AE5F-E7DB-4ED8-B1A6-C785B71F75C6}
	EndGlobalSection
EndGlobal
